
Microsoft Visual Studio Solution File, Format Version 12.00
# Visual Studio 15
VisualStudioVersion = 15.0.28307.779
MinimumVisualStudioVersion = 10.0.40219.1
Project("{FAE04EC0-301F-11D3-BF4B-00C04F79EFBC}") = "Deliverable 3- Arrays", "Deliverable 3- Arrays\Deliverable 3- Arrays.csproj", "{F94C48B5-4CE6-42DE-B50C-E1D2122AAE6B}"
EndProject
Global
	GlobalSection(SolutionConfigurationPlatforms) = preSolution
		Debug|Any CPU = Debug|Any CPU
		Release|Any CPU = Release|Any CPU
	EndGlobalSection
	GlobalSection(ProjectConfigurationPlatforms) = postSolution
		{F94C48B5-4CE6-42DE-B50C-E1D2122AAE6B}.Debug|Any CPU.ActiveCfg = Debug|Any CPU
		{F94C48B5-4CE6-42DE-B50C-E1D2122AAE6B}.Debug|Any CPU.Build.0 = Debug|Any CPU
		{F94C48B5-4CE6-42DE-B50C-E1D2122AAE6B}.Release|Any CPU.ActiveCfg = Release|Any CPU
		{F94C48B5-4CE6-42DE-B50C-E1D2122AAE6B}.Release|Any CPU.Build.0 = Release|Any CPU
	EndGlobalSection
	GlobalSection(SolutionProperties) = preSolution
		HideSolutionNode = FALSE
	EndGlobalSection
	GlobalSection(ExtensibilityGlobals) = postSolution
		SolutionGuid = {942E37A4-05A5-4401-A274-FF8568F36899}
	EndGlobalSection
EndGlobal
