
Microsoft Visual Studio Solution File, Format Version 12.00
# Visual Studio 15
VisualStudioVersion = 15.0.28307.779
MinimumVisualStudioVersion = 10.0.40219.1
Project("{FAE04EC0-301F-11D3-BF4B-00C04F79EFBC}") = "Deliverable 3 - Methods", "Deliverable 3 - Methods\Deliverable 3 - Methods.csproj", "{0CE2E076-9820-4A98-8F78-8737A4618428}"
EndProject
Global
	GlobalSection(SolutionConfigurationPlatforms) = preSolution
		Debug|Any CPU = Debug|Any CPU
		Release|Any CPU = Release|Any CPU
	EndGlobalSection
	GlobalSection(ProjectConfigurationPlatforms) = postSolution
		{0CE2E076-9820-4A98-8F78-8737A4618428}.Debug|Any CPU.ActiveCfg = Debug|Any CPU
		{0CE2E076-9820-4A98-8F78-8737A4618428}.Debug|Any CPU.Build.0 = Debug|Any CPU
		{0CE2E076-9820-4A98-8F78-8737A4618428}.Release|Any CPU.ActiveCfg = Release|Any CPU
		{0CE2E076-9820-4A98-8F78-8737A4618428}.Release|Any CPU.Build.0 = Release|Any CPU
	EndGlobalSection
	GlobalSection(SolutionProperties) = preSolution
		HideSolutionNode = FALSE
	EndGlobalSection
	GlobalSection(ExtensibilityGlobals) = postSolution
		SolutionGuid = {D81D087C-9850-43B8-AD1D-6C72253FA78C}
	EndGlobalSection
EndGlobal
